
Microsoft Visual Studio Solution File, Format Version 12.00
# Visual Studio Version 17
VisualStudioVersion = 17.10.34928.147
MinimumVisualStudioVersion = 10.0.40219.1
Project("{FAE04EC0-301F-11D3-BF4B-00C04F79EFBC}") = "WebApplication1", "WebApplication1.csproj", "{F2D94116-0474-4B26-8515-58A3AD15B2A4}"
EndProject
Global
	GlobalSection(SolutionConfigurationPlatforms) = preSolution
		Debug|Any CPU = Debug|Any CPU
		Release|Any CPU = Release|Any CPU
	EndGlobalSection
	GlobalSection(ProjectConfigurationPlatforms) = postSolution
		{F2D94116-0474-4B26-8515-58A3AD15B2A4}.Debug|Any CPU.ActiveCfg = Debug|Any CPU
		{F2D94116-0474-4B26-8515-58A3AD15B2A4}.Debug|Any CPU.Build.0 = Debug|Any CPU
		{F2D94116-0474-4B26-8515-58A3AD15B2A4}.Release|Any CPU.ActiveCfg = Release|Any CPU
		{F2D94116-0474-4B26-8515-58A3AD15B2A4}.Release|Any CPU.Build.0 = Release|Any CPU
	EndGlobalSection
	GlobalSection(SolutionProperties) = preSolution
		HideSolutionNode = FALSE
	EndGlobalSection
	GlobalSection(ExtensibilityGlobals) = postSolution
		SolutionGuid = {D11E6AF3-84B6-47C4-95DB-43E3FB969272}
	EndGlobalSection
EndGlobal
